
Microsoft Visual Studio Solution File, Format Version 12.00
# Visual Studio Version 17
VisualStudioVersion = 17.1.32328.378
MinimumVisualStudioVersion = 10.0.40219.1
Project("{FAE04EC0-301F-11D3-BF4B-00C04F79EFBC}") = "Dice", "Dice\Dice.csproj", "{C945CB63-0B45-45EE-8A7A-ABC541B3FEE0}"
EndProject
Global
	GlobalSection(SolutionConfigurationPlatforms) = preSolution
		Debug|Any CPU = Debug|Any CPU
		Release|Any CPU = Release|Any CPU
	EndGlobalSection
	GlobalSection(ProjectConfigurationPlatforms) = postSolution
		{C945CB63-0B45-45EE-8A7A-ABC541B3FEE0}.Debug|Any CPU.ActiveCfg = Debug|Any CPU
		{C945CB63-0B45-45EE-8A7A-ABC541B3FEE0}.Debug|Any CPU.Build.0 = Debug|Any CPU
		{C945CB63-0B45-45EE-8A7A-ABC541B3FEE0}.Release|Any CPU.ActiveCfg = Release|Any CPU
		{C945CB63-0B45-45EE-8A7A-ABC541B3FEE0}.Release|Any CPU.Build.0 = Release|Any CPU
	EndGlobalSection
	GlobalSection(SolutionProperties) = preSolution
		HideSolutionNode = FALSE
	EndGlobalSection
	GlobalSection(ExtensibilityGlobals) = postSolution
		SolutionGuid = {1D2082CD-8A41-4552-9189-41D3F79F1126}
	EndGlobalSection
EndGlobal
